
Microsoft Visual Studio Solution File, Format Version 12.00
# Visual Studio 2013
VisualStudioVersion = 12.0.31101.0
MinimumVisualStudioVersion = 10.0.40219.1
Project("{B1E792BE-AA5F-4E3C-8C82-674BF9C0715B}") = "SolarSolution2016", "SolarSolution2016.tsproj", "{DAA3F1AA-9127-488C-BDEB-4268409A49F6}"
EndProject
Global
	GlobalSection(SolutionConfigurationPlatforms) = preSolution
		Debug|TwinCAT CE7 (ARMV7) = Debug|TwinCAT CE7 (ARMV7)
		Debug|TwinCAT RT (x64) = Debug|TwinCAT RT (x64)
		Debug|TwinCAT RT (x86) = Debug|TwinCAT RT (x86)
		Release|TwinCAT CE7 (ARMV7) = Release|TwinCAT CE7 (ARMV7)
		Release|TwinCAT RT (x64) = Release|TwinCAT RT (x64)
		Release|TwinCAT RT (x86) = Release|TwinCAT RT (x86)
	EndGlobalSection
	GlobalSection(ProjectConfigurationPlatforms) = postSolution
		{DAA3F1AA-9127-488C-BDEB-4268409A49F6}.Debug|TwinCAT CE7 (ARMV7).ActiveCfg = Debug|TwinCAT CE7 (ARMV7)
		{DAA3F1AA-9127-488C-BDEB-4268409A49F6}.Debug|TwinCAT CE7 (ARMV7).Build.0 = Debug|TwinCAT CE7 (ARMV7)
		{DAA3F1AA-9127-488C-BDEB-4268409A49F6}.Debug|TwinCAT RT (x64).ActiveCfg = Debug|TwinCAT RT (x64)
		{DAA3F1AA-9127-488C-BDEB-4268409A49F6}.Debug|TwinCAT RT (x64).Build.0 = Debug|TwinCAT RT (x64)
		{DAA3F1AA-9127-488C-BDEB-4268409A49F6}.Debug|TwinCAT RT (x86).ActiveCfg = Debug|TwinCAT RT (x86)
		{DAA3F1AA-9127-488C-BDEB-4268409A49F6}.Debug|TwinCAT RT (x86).Build.0 = Debug|TwinCAT RT (x86)
		{DAA3F1AA-9127-488C-BDEB-4268409A49F6}.Release|TwinCAT CE7 (ARMV7).ActiveCfg = Release|TwinCAT CE7 (ARMV7)
		{DAA3F1AA-9127-488C-BDEB-4268409A49F6}.Release|TwinCAT CE7 (ARMV7).Build.0 = Release|TwinCAT CE7 (ARMV7)
		{DAA3F1AA-9127-488C-BDEB-4268409A49F6}.Release|TwinCAT RT (x64).ActiveCfg = Release|TwinCAT RT (x64)
		{DAA3F1AA-9127-488C-BDEB-4268409A49F6}.Release|TwinCAT RT (x64).Build.0 = Release|TwinCAT RT (x64)
		{DAA3F1AA-9127-488C-BDEB-4268409A49F6}.Release|TwinCAT RT (x86).ActiveCfg = Release|TwinCAT RT (x86)
		{DAA3F1AA-9127-488C-BDEB-4268409A49F6}.Release|TwinCAT RT (x86).Build.0 = Release|TwinCAT RT (x86)
		{566100D2-719C-41E8-836D-ABB888A463BE}.Debug|TwinCAT CE7 (ARMV7).ActiveCfg = Debug|TwinCAT CE7 (ARMV7)
		{566100D2-719C-41E8-836D-ABB888A463BE}.Debug|TwinCAT CE7 (ARMV7).Build.0 = Debug|TwinCAT CE7 (ARMV7)
		{566100D2-719C-41E8-836D-ABB888A463BE}.Debug|TwinCAT RT (x64).ActiveCfg = Debug|TwinCAT RT (x64)
		{566100D2-719C-41E8-836D-ABB888A463BE}.Debug|TwinCAT RT (x64).Build.0 = Debug|TwinCAT RT (x64)
		{566100D2-719C-41E8-836D-ABB888A463BE}.Debug|TwinCAT RT (x86).ActiveCfg = Debug|TwinCAT RT (x86)
		{566100D2-719C-41E8-836D-ABB888A463BE}.Debug|TwinCAT RT (x86).Build.0 = Debug|TwinCAT RT (x86)
		{566100D2-719C-41E8-836D-ABB888A463BE}.Release|TwinCAT CE7 (ARMV7).ActiveCfg = Release|TwinCAT CE7 (ARMV7)
		{566100D2-719C-41E8-836D-ABB888A463BE}.Release|TwinCAT CE7 (ARMV7).Build.0 = Release|TwinCAT CE7 (ARMV7)
		{566100D2-719C-41E8-836D-ABB888A463BE}.Release|TwinCAT RT (x64).ActiveCfg = Release|TwinCAT RT (x64)
		{566100D2-719C-41E8-836D-ABB888A463BE}.Release|TwinCAT RT (x64).Build.0 = Release|TwinCAT RT (x64)
		{566100D2-719C-41E8-836D-ABB888A463BE}.Release|TwinCAT RT (x86).ActiveCfg = Release|TwinCAT RT (x86)
		{566100D2-719C-41E8-836D-ABB888A463BE}.Release|TwinCAT RT (x86).Build.0 = Release|TwinCAT RT (x86)
	EndGlobalSection
	GlobalSection(SolutionProperties) = preSolution
		HideSolutionNode = FALSE
	EndGlobalSection
EndGlobal
